
Microsoft Visual Studio Solution File, Format Version 12.00
# Visual Studio 15
VisualStudioVersion = 15.0.27004.2008
MinimumVisualStudioVersion = 10.0.40219.1
Project("{FAE04EC0-301F-11D3-BF4B-00C04F79EFBC}") = "ListViewAgrupadoExemplo.Android", "ListViewAgrupadoExemplo\ListViewAgrupadoExemplo.Android\ListViewAgrupadoExemplo.Android.csproj", "{0457BC37-244B-44B4-A23E-4A804EEA5C20}"
EndProject
Project("{FAE04EC0-301F-11D3-BF4B-00C04F79EFBC}") = "ListViewAgrupadoExemplo", "ListViewAgrupadoExemplo\ListViewAgrupadoExemplo\ListViewAgrupadoExemplo.csproj", "{AFC9097F-C805-45A6-89BF-86A0CD2C1110}"
EndProject
Project("{FAE04EC0-301F-11D3-BF4B-00C04F79EFBC}") = "ListViewAgrupadoExemplo.UWP", "ListViewAgrupadoExemplo\ListViewAgrupadoExemplo.UWP\ListViewAgrupadoExemplo.UWP.csproj", "{8DB59240-57F3-44E1-8C98-1C840DB4D6B2}"
EndProject
Project("{FAE04EC0-301F-11D3-BF4B-00C04F79EFBC}") = "ListViewAgrupadoExemplo.iOS", "ListViewAgrupadoExemplo\ListViewAgrupadoExemplo.iOS\ListViewAgrupadoExemplo.iOS.csproj", "{8EFA71E0-AEA8-41B6-B923-18CDC970D425}"
EndProject
Global
	GlobalSection(SolutionConfigurationPlatforms) = preSolution
		Ad-Hoc|Any CPU = Ad-Hoc|Any CPU
		Ad-Hoc|ARM = Ad-Hoc|ARM
		Ad-Hoc|iPhone = Ad-Hoc|iPhone
		Ad-Hoc|iPhoneSimulator = Ad-Hoc|iPhoneSimulator
		Ad-Hoc|x64 = Ad-Hoc|x64
		Ad-Hoc|x86 = Ad-Hoc|x86
		AppStore|Any CPU = AppStore|Any CPU
		AppStore|ARM = AppStore|ARM
		AppStore|iPhone = AppStore|iPhone
		AppStore|iPhoneSimulator = AppStore|iPhoneSimulator
		AppStore|x64 = AppStore|x64
		AppStore|x86 = AppStore|x86
		Debug|Any CPU = Debug|Any CPU
		Debug|ARM = Debug|ARM
		Debug|iPhone = Debug|iPhone
		Debug|iPhoneSimulator = Debug|iPhoneSimulator
		Debug|x64 = Debug|x64
		Debug|x86 = Debug|x86
		Release|Any CPU = Release|Any CPU
		Release|ARM = Release|ARM
		Release|iPhone = Release|iPhone
		Release|iPhoneSimulator = Release|iPhoneSimulator
		Release|x64 = Release|x64
		Release|x86 = Release|x86
	EndGlobalSection
	GlobalSection(ProjectConfigurationPlatforms) = postSolution
		{0457BC37-244B-44B4-A23E-4A804EEA5C20}.Ad-Hoc|Any CPU.ActiveCfg = Release|Any CPU
		{0457BC37-244B-44B4-A23E-4A804EEA5C20}.Ad-Hoc|Any CPU.Build.0 = Release|Any CPU
		{0457BC37-244B-44B4-A23E-4A804EEA5C20}.Ad-Hoc|Any CPU.Deploy.0 = Release|Any CPU
		{0457BC37-244B-44B4-A23E-4A804EEA5C20}.Ad-Hoc|ARM.ActiveCfg = Release|Any CPU
		{0457BC37-244B-44B4-A23E-4A804EEA5C20}.Ad-Hoc|ARM.Build.0 = Release|Any CPU
		{0457BC37-244B-44B4-A23E-4A804EEA5C20}.Ad-Hoc|ARM.Deploy.0 = Release|Any CPU
		{0457BC37-244B-44B4-A23E-4A804EEA5C20}.Ad-Hoc|iPhone.ActiveCfg = Release|Any CPU
		{0457BC37-244B-44B4-A23E-4A804EEA5C20}.Ad-Hoc|iPhone.Build.0 = Release|Any CPU
		{0457BC37-244B-44B4-A23E-4A804EEA5C20}.Ad-Hoc|iPhone.Deploy.0 = Release|Any CPU
		{0457BC37-244B-44B4-A23E-4A804EEA5C20}.Ad-Hoc|iPhoneSimulator.ActiveCfg = Release|Any CPU
		{0457BC37-244B-44B4-A23E-4A804EEA5C20}.Ad-Hoc|iPhoneSimulator.Build.0 = Release|Any CPU
		{0457BC37-244B-44B4-A23E-4A804EEA5C20}.Ad-Hoc|iPhoneSimulator.Deploy.0 = Release|Any CPU
		{0457BC37-244B-44B4-A23E-4A804EEA5C20}.Ad-Hoc|x64.ActiveCfg = Release|Any CPU
		{0457BC37-244B-44B4-A23E-4A804EEA5C20}.Ad-Hoc|x64.Build.0 = Release|Any CPU
		{0457BC37-244B-44B4-A23E-4A804EEA5C20}.Ad-Hoc|x64.Deploy.0 = Release|Any CPU
		{0457BC37-244B-44B4-A23E-4A804EEA5C20}.Ad-Hoc|x86.ActiveCfg = Release|Any CPU
		{0457BC37-244B-44B4-A23E-4A804EEA5C20}.Ad-Hoc|x86.Build.0 = Release|Any CPU
		{0457BC37-244B-44B4-A23E-4A804EEA5C20}.Ad-Hoc|x86.Deploy.0 = Release|Any CPU
		{0457BC37-244B-44B4-A23E-4A804EEA5C20}.AppStore|Any CPU.ActiveCfg = Release|Any CPU
		{0457BC37-244B-44B4-A23E-4A804EEA5C20}.AppStore|Any CPU.Build.0 = Release|Any CPU
		{0457BC37-244B-44B4-A23E-4A804EEA5C20}.AppStore|Any CPU.Deploy.0 = Release|Any CPU
		{0457BC37-244B-44B4-A23E-4A804EEA5C20}.AppStore|ARM.ActiveCfg = Release|Any CPU
		{0457BC37-244B-44B4-A23E-4A804EEA5C20}.AppStore|ARM.Build.0 = Release|Any CPU
		{0457BC37-244B-44B4-A23E-4A804EEA5C20}.AppStore|ARM.Deploy.0 = Release|Any CPU
		{0457BC37-244B-44B4-A23E-4A804EEA5C20}.AppStore|iPhone.ActiveCfg = Release|Any CPU
		{0457BC37-244B-44B4-A23E-4A804EEA5C20}.AppStore|iPhone.Build.0 = Release|Any CPU
		{0457BC37-244B-44B4-A23E-4A804EEA5C20}.AppStore|iPhone.Deploy.0 = Release|Any CPU
		{0457BC37-244B-44B4-A23E-4A804EEA5C20}.AppStore|iPhoneSimulator.ActiveCfg = Release|Any CPU
		{0457BC37-244B-44B4-A23E-4A804EEA5C20}.AppStore|iPhoneSimulator.Build.0 = Release|Any CPU
		{0457BC37-244B-44B4-A23E-4A804EEA5C20}.AppStore|iPhoneSimulator.Deploy.0 = Release|Any CPU
		{0457BC37-244B-44B4-A23E-4A804EEA5C20}.AppStore|x64.ActiveCfg = Release|Any CPU
		{0457BC37-244B-44B4-A23E-4A804EEA5C20}.AppStore|x64.Build.0 = Release|Any CPU
		{0457BC37-244B-44B4-A23E-4A804EEA5C20}.AppStore|x64.Deploy.0 = Release|Any CPU
		{0457BC37-244B-44B4-A23E-4A804EEA5C20}.AppStore|x86.ActiveCfg = Release|Any CPU
		{0457BC37-244B-44B4-A23E-4A804EEA5C20}.AppStore|x86.Build.0 = Release|Any CPU
		{0457BC37-244B-44B4-A23E-4A804EEA5C20}.AppStore|x86.Deploy.0 = Release|Any CPU
		{0457BC37-244B-44B4-A23E-4A804EEA5C20}.Debug|Any CPU.ActiveCfg = Debug|Any CPU
		{0457BC37-244B-44B4-A23E-4A804EEA5C20}.Debug|Any CPU.Build.0 = Debug|Any CPU
		{0457BC37-244B-44B4-A23E-4A804EEA5C20}.Debug|Any CPU.Deploy.0 = Debug|Any CPU
		{0457BC37-244B-44B4-A23E-4A804EEA5C20}.Debug|ARM.ActiveCfg = Debug|Any CPU
		{0457BC37-244B-44B4-A23E-4A804EEA5C20}.Debug|ARM.Build.0 = Debug|Any CPU
		{0457BC37-244B-44B4-A23E-4A804EEA5C20}.Debug|ARM.Deploy.0 = Debug|Any CPU
		{0457BC37-244B-44B4-A23E-4A804EEA5C20}.Debug|iPhone.ActiveCfg = Debug|Any CPU
		{0457BC37-244B-44B4-A23E-4A804EEA5C20}.Debug|iPhone.Build.0 = Debug|Any CPU
		{0457BC37-244B-44B4-A23E-4A804EEA5C20}.Debug|iPhone.Deploy.0 = Debug|Any CPU
		{0457BC37-244B-44B4-A23E-4A804EEA5C20}.Debug|iPhoneSimulator.ActiveCfg = Debug|Any CPU
		{0457BC37-244B-44B4-A23E-4A804EEA5C20}.Debug|iPhoneSimulator.Build.0 = Debug|Any CPU
		{0457BC37-244B-44B4-A23E-4A804EEA5C20}.Debug|iPhoneSimulator.Deploy.0 = Debug|Any CPU
		{0457BC37-244B-44B4-A23E-4A804EEA5C20}.Debug|x64.ActiveCfg = Debug|Any CPU
		{0457BC37-244B-44B4-A23E-4A804EEA5C20}.Debug|x64.Build.0 = Debug|Any CPU
		{0457BC37-244B-44B4-A23E-4A804EEA5C20}.Debug|x64.Deploy.0 = Debug|Any CPU
		{0457BC37-244B-44B4-A23E-4A804EEA5C20}.Debug|x86.ActiveCfg = Debug|Any CPU
		{0457BC37-244B-44B4-A23E-4A804EEA5C20}.Debug|x86.Build.0 = Debug|Any CPU
		{0457BC37-244B-44B4-A23E-4A804EEA5C20}.Debug|x86.Deploy.0 = Debug|Any CPU
		{0457BC37-244B-44B4-A23E-4A804EEA5C20}.Release|Any CPU.ActiveCfg = Release|Any CPU
		{0457BC37-244B-44B4-A23E-4A804EEA5C20}.Release|Any CPU.Build.0 = Release|Any CPU
		{0457BC37-244B-44B4-A23E-4A804EEA5C20}.Release|Any CPU.Deploy.0 = Release|Any CPU
		{0457BC37-244B-44B4-A23E-4A804EEA5C20}.Release|ARM.ActiveCfg = Release|Any CPU
		{0457BC37-244B-44B4-A23E-4A804EEA5C20}.Release|ARM.Build.0 = Release|Any CPU
		{0457BC37-244B-44B4-A23E-4A804EEA5C20}.Release|ARM.Deploy.0 = Release|Any CPU
		{0457BC37-244B-44B4-A23E-4A804EEA5C20}.Release|iPhone.ActiveCfg = Release|Any CPU
		{0457BC37-244B-44B4-A23E-4A804EEA5C20}.Release|iPhone.Build.0 = Release|Any CPU
		{0457BC37-244B-44B4-A23E-4A804EEA5C20}.Release|iPhone.Deploy.0 = Release|Any CPU
		{0457BC37-244B-44B4-A23E-4A804EEA5C20}.Release|iPhoneSimulator.ActiveCfg = Release|Any CPU
		{0457BC37-244B-44B4-A23E-4A804EEA5C20}.Release|iPhoneSimulator.Build.0 = Release|Any CPU
		{0457BC37-244B-44B4-A23E-4A804EEA5C20}.Release|iPhoneSimulator.Deploy.0 = Release|Any CPU
		{0457BC37-244B-44B4-A23E-4A804EEA5C20}.Release|x64.ActiveCfg = Release|Any CPU
		{0457BC37-244B-44B4-A23E-4A804EEA5C20}.Release|x64.Build.0 = Release|Any CPU
		{0457BC37-244B-44B4-A23E-4A804EEA5C20}.Release|x64.Deploy.0 = Release|Any CPU
		{0457BC37-244B-44B4-A23E-4A804EEA5C20}.Release|x86.ActiveCfg = Release|Any CPU
		{0457BC37-244B-44B4-A23E-4A804EEA5C20}.Release|x86.Build.0 = Release|Any CPU
		{0457BC37-244B-44B4-A23E-4A804EEA5C20}.Release|x86.Deploy.0 = Release|Any CPU
		{AFC9097F-C805-45A6-89BF-86A0CD2C1110}.Ad-Hoc|Any CPU.ActiveCfg = Release|Any CPU
		{AFC9097F-C805-45A6-89BF-86A0CD2C1110}.Ad-Hoc|Any CPU.Build.0 = Release|Any CPU
		{AFC9097F-C805-45A6-89BF-86A0CD2C1110}.Ad-Hoc|ARM.ActiveCfg = Release|Any CPU
		{AFC9097F-C805-45A6-89BF-86A0CD2C1110}.Ad-Hoc|ARM.Build.0 = Release|Any CPU
		{AFC9097F-C805-45A6-89BF-86A0CD2C1110}.Ad-Hoc|iPhone.ActiveCfg = Release|Any CPU
		{AFC9097F-C805-45A6-89BF-86A0CD2C1110}.Ad-Hoc|iPhone.Build.0 = Release|Any CPU
		{AFC9097F-C805-45A6-89BF-86A0CD2C1110}.Ad-Hoc|iPhoneSimulator.ActiveCfg = Release|Any CPU
		{AFC9097F-C805-45A6-89BF-86A0CD2C1110}.Ad-Hoc|iPhoneSimulator.Build.0 = Release|Any CPU
		{AFC9097F-C805-45A6-89BF-86A0CD2C1110}.Ad-Hoc|x64.ActiveCfg = Release|Any CPU
		{AFC9097F-C805-45A6-89BF-86A0CD2C1110}.Ad-Hoc|x64.Build.0 = Release|Any CPU
		{AFC9097F-C805-45A6-89BF-86A0CD2C1110}.Ad-Hoc|x86.ActiveCfg = Release|Any CPU
		{AFC9097F-C805-45A6-89BF-86A0CD2C1110}.Ad-Hoc|x86.Build.0 = Release|Any CPU
		{AFC9097F-C805-45A6-89BF-86A0CD2C1110}.AppStore|Any CPU.ActiveCfg = Release|Any CPU
		{AFC9097F-C805-45A6-89BF-86A0CD2C1110}.AppStore|Any CPU.Build.0 = Release|Any CPU
		{AFC9097F-C805-45A6-89BF-86A0CD2C1110}.AppStore|ARM.ActiveCfg = Release|Any CPU
		{AFC9097F-C805-45A6-89BF-86A0CD2C1110}.AppStore|ARM.Build.0 = Release|Any CPU
		{AFC9097F-C805-45A6-89BF-86A0CD2C1110}.AppStore|iPhone.ActiveCfg = Release|Any CPU
		{AFC9097F-C805-45A6-89BF-86A0CD2C1110}.AppStore|iPhone.Build.0 = Release|Any CPU
		{AFC9097F-C805-45A6-89BF-86A0CD2C1110}.AppStore|iPhoneSimulator.ActiveCfg = Release|Any CPU
		{AFC9097F-C805-45A6-89BF-86A0CD2C1110}.AppStore|iPhoneSimulator.Build.0 = Release|Any CPU
		{AFC9097F-C805-45A6-89BF-86A0CD2C1110}.AppStore|x64.ActiveCfg = Release|Any CPU
		{AFC9097F-C805-45A6-89BF-86A0CD2C1110}.AppStore|x64.Build.0 = Release|Any CPU
		{AFC9097F-C805-45A6-89BF-86A0CD2C1110}.AppStore|x86.ActiveCfg = Release|Any CPU
		{AFC9097F-C805-45A6-89BF-86A0CD2C1110}.AppStore|x86.Build.0 = Release|Any CPU
		{AFC9097F-C805-45A6-89BF-86A0CD2C1110}.Debug|Any CPU.ActiveCfg = Debug|Any CPU
		{AFC9097F-C805-45A6-89BF-86A0CD2C1110}.Debug|Any CPU.Build.0 = Debug|Any CPU
		{AFC9097F-C805-45A6-89BF-86A0CD2C1110}.Debug|ARM.ActiveCfg = Debug|Any CPU
		{AFC9097F-C805-45A6-89BF-86A0CD2C1110}.Debug|ARM.Build.0 = Debug|Any CPU
		{AFC9097F-C805-45A6-89BF-86A0CD2C1110}.Debug|iPhone.ActiveCfg = Debug|Any CPU
		{AFC9097F-C805-45A6-89BF-86A0CD2C1110}.Debug|iPhone.Build.0 = Debug|Any CPU
		{AFC9097F-C805-45A6-89BF-86A0CD2C1110}.Debug|iPhoneSimulator.ActiveCfg = Debug|Any CPU
		{AFC9097F-C805-45A6-89BF-86A0CD2C1110}.Debug|iPhoneSimulator.Build.0 = Debug|Any CPU
		{AFC9097F-C805-45A6-89BF-86A0CD2C1110}.Debug|x64.ActiveCfg = Debug|Any CPU
		{AFC9097F-C805-45A6-89BF-86A0CD2C1110}.Debug|x64.Build.0 = Debug|Any CPU
		{AFC9097F-C805-45A6-89BF-86A0CD2C1110}.Debug|x86.ActiveCfg = Debug|Any CPU
		{AFC9097F-C805-45A6-89BF-86A0CD2C1110}.Debug|x86.Build.0 = Debug|Any CPU
		{AFC9097F-C805-45A6-89BF-86A0CD2C1110}.Release|Any CPU.ActiveCfg = Release|Any CPU
		{AFC9097F-C805-45A6-89BF-86A0CD2C1110}.Release|Any CPU.Build.0 = Release|Any CPU
		{AFC9097F-C805-45A6-89BF-86A0CD2C1110}.Release|ARM.ActiveCfg = Release|Any CPU
		{AFC9097F-C805-45A6-89BF-86A0CD2C1110}.Release|ARM.Build.0 = Release|Any CPU
		{AFC9097F-C805-45A6-89BF-86A0CD2C1110}.Release|iPhone.ActiveCfg = Release|Any CPU
		{AFC9097F-C805-45A6-89BF-86A0CD2C1110}.Release|iPhone.Build.0 = Release|Any CPU
		{AFC9097F-C805-45A6-89BF-86A0CD2C1110}.Release|iPhoneSimulator.ActiveCfg = Release|Any CPU
		{AFC9097F-C805-45A6-89BF-86A0CD2C1110}.Release|iPhoneSimulator.Build.0 = Release|Any CPU
		{AFC9097F-C805-45A6-89BF-86A0CD2C1110}.Release|x64.ActiveCfg = Release|Any CPU
		{AFC9097F-C805-45A6-89BF-86A0CD2C1110}.Release|x64.Build.0 = Release|Any CPU
		{AFC9097F-C805-45A6-89BF-86A0CD2C1110}.Release|x86.ActiveCfg = Release|Any CPU
		{AFC9097F-C805-45A6-89BF-86A0CD2C1110}.Release|x86.Build.0 = Release|Any CPU
		{8DB59240-57F3-44E1-8C98-1C840DB4D6B2}.Ad-Hoc|Any CPU.ActiveCfg = Release|x86
		{8DB59240-57F3-44E1-8C98-1C840DB4D6B2}.Ad-Hoc|Any CPU.Build.0 = Release|x86
		{8DB59240-57F3-44E1-8C98-1C840DB4D6B2}.Ad-Hoc|Any CPU.Deploy.0 = Release|x86
		{8DB59240-57F3-44E1-8C98-1C840DB4D6B2}.Ad-Hoc|ARM.ActiveCfg = Release|ARM
		{8DB59240-57F3-44E1-8C98-1C840DB4D6B2}.Ad-Hoc|ARM.Build.0 = Release|ARM
		{8DB59240-57F3-44E1-8C98-1C840DB4D6B2}.Ad-Hoc|ARM.Deploy.0 = Release|ARM
		{8DB59240-57F3-44E1-8C98-1C840DB4D6B2}.Ad-Hoc|iPhone.ActiveCfg = Release|x86
		{8DB59240-57F3-44E1-8C98-1C840DB4D6B2}.Ad-Hoc|iPhone.Build.0 = Release|x86
		{8DB59240-57F3-44E1-8C98-1C840DB4D6B2}.Ad-Hoc|iPhone.Deploy.0 = Release|x86
		{8DB59240-57F3-44E1-8C98-1C840DB4D6B2}.Ad-Hoc|iPhoneSimulator.ActiveCfg = Release|x86
		{8DB59240-57F3-44E1-8C98-1C840DB4D6B2}.Ad-Hoc|iPhoneSimulator.Build.0 = Release|x86
		{8DB59240-57F3-44E1-8C98-1C840DB4D6B2}.Ad-Hoc|iPhoneSimulator.Deploy.0 = Release|x86
		{8DB59240-57F3-44E1-8C98-1C840DB4D6B2}.Ad-Hoc|x64.ActiveCfg = Release|x64
		{8DB59240-57F3-44E1-8C98-1C840DB4D6B2}.Ad-Hoc|x64.Build.0 = Release|x64
		{8DB59240-57F3-44E1-8C98-1C840DB4D6B2}.Ad-Hoc|x64.Deploy.0 = Release|x64
		{8DB59240-57F3-44E1-8C98-1C840DB4D6B2}.Ad-Hoc|x86.ActiveCfg = Release|x86
		{8DB59240-57F3-44E1-8C98-1C840DB4D6B2}.Ad-Hoc|x86.Build.0 = Release|x86
		{8DB59240-57F3-44E1-8C98-1C840DB4D6B2}.Ad-Hoc|x86.Deploy.0 = Release|x86
		{8DB59240-57F3-44E1-8C98-1C840DB4D6B2}.AppStore|Any CPU.ActiveCfg = Release|x86
		{8DB59240-57F3-44E1-8C98-1C840DB4D6B2}.AppStore|Any CPU.Build.0 = Release|x86
		{8DB59240-57F3-44E1-8C98-1C840DB4D6B2}.AppStore|Any CPU.Deploy.0 = Release|x86
		{8DB59240-57F3-44E1-8C98-1C840DB4D6B2}.AppStore|ARM.ActiveCfg = Release|ARM
		{8DB59240-57F3-44E1-8C98-1C840DB4D6B2}.AppStore|ARM.Build.0 = Release|ARM
		{8DB59240-57F3-44E1-8C98-1C840DB4D6B2}.AppStore|ARM.Deploy.0 = Release|ARM
		{8DB59240-57F3-44E1-8C98-1C840DB4D6B2}.AppStore|iPhone.ActiveCfg = Release|x86
		{8DB59240-57F3-44E1-8C98-1C840DB4D6B2}.AppStore|iPhone.Build.0 = Release|x86
		{8DB59240-57F3-44E1-8C98-1C840DB4D6B2}.AppStore|iPhone.Deploy.0 = Release|x86
		{8DB59240-57F3-44E1-8C98-1C840DB4D6B2}.AppStore|iPhoneSimulator.ActiveCfg = Release|x86
		{8DB59240-57F3-44E1-8C98-1C840DB4D6B2}.AppStore|iPhoneSimulator.Build.0 = Release|x86
		{8DB59240-57F3-44E1-8C98-1C840DB4D6B2}.AppStore|iPhoneSimulator.Deploy.0 = Release|x86
		{8DB59240-57F3-44E1-8C98-1C840DB4D6B2}.AppStore|x64.ActiveCfg = Release|x64
		{8DB59240-57F3-44E1-8C98-1C840DB4D6B2}.AppStore|x64.Build.0 = Release|x64
		{8DB59240-57F3-44E1-8C98-1C840DB4D6B2}.AppStore|x64.Deploy.0 = Release|x64
		{8DB59240-57F3-44E1-8C98-1C840DB4D6B2}.AppStore|x86.ActiveCfg = Release|x86
		{8DB59240-57F3-44E1-8C98-1C840DB4D6B2}.AppStore|x86.Build.0 = Release|x86
		{8DB59240-57F3-44E1-8C98-1C840DB4D6B2}.AppStore|x86.Deploy.0 = Release|x86
		{8DB59240-57F3-44E1-8C98-1C840DB4D6B2}.Debug|Any CPU.ActiveCfg = Debug|x86
		{8DB59240-57F3-44E1-8C98-1C840DB4D6B2}.Debug|ARM.ActiveCfg = Debug|ARM
		{8DB59240-57F3-44E1-8C98-1C840DB4D6B2}.Debug|ARM.Build.0 = Debug|ARM
		{8DB59240-57F3-44E1-8C98-1C840DB4D6B2}.Debug|ARM.Deploy.0 = Debug|ARM
		{8DB59240-57F3-44E1-8C98-1C840DB4D6B2}.Debug|iPhone.ActiveCfg = Debug|x86
		{8DB59240-57F3-44E1-8C98-1C840DB4D6B2}.Debug|iPhoneSimulator.ActiveCfg = Debug|x86
		{8DB59240-57F3-44E1-8C98-1C840DB4D6B2}.Debug|x64.ActiveCfg = Debug|x64
		{8DB59240-57F3-44E1-8C98-1C840DB4D6B2}.Debug|x64.Build.0 = Debug|x64
		{8DB59240-57F3-44E1-8C98-1C840DB4D6B2}.Debug|x64.Deploy.0 = Debug|x64
		{8DB59240-57F3-44E1-8C98-1C840DB4D6B2}.Debug|x86.ActiveCfg = Debug|x86
		{8DB59240-57F3-44E1-8C98-1C840DB4D6B2}.Debug|x86.Build.0 = Debug|x86
		{8DB59240-57F3-44E1-8C98-1C840DB4D6B2}.Debug|x86.Deploy.0 = Debug|x86
		{8DB59240-57F3-44E1-8C98-1C840DB4D6B2}.Release|Any CPU.ActiveCfg = Release|x86
		{8DB59240-57F3-44E1-8C98-1C840DB4D6B2}.Release|ARM.ActiveCfg = Release|ARM
		{8DB59240-57F3-44E1-8C98-1C840DB4D6B2}.Release|ARM.Build.0 = Release|ARM
		{8DB59240-57F3-44E1-8C98-1C840DB4D6B2}.Release|ARM.Deploy.0 = Release|ARM
		{8DB59240-57F3-44E1-8C98-1C840DB4D6B2}.Release|iPhone.ActiveCfg = Release|x86
		{8DB59240-57F3-44E1-8C98-1C840DB4D6B2}.Release|iPhoneSimulator.ActiveCfg = Release|x86
		{8DB59240-57F3-44E1-8C98-1C840DB4D6B2}.Release|x64.ActiveCfg = Release|x64
		{8DB59240-57F3-44E1-8C98-1C840DB4D6B2}.Release|x64.Build.0 = Release|x64
		{8DB59240-57F3-44E1-8C98-1C840DB4D6B2}.Release|x64.Deploy.0 = Release|x64
		{8DB59240-57F3-44E1-8C98-1C840DB4D6B2}.Release|x86.ActiveCfg = Release|x86
		{8DB59240-57F3-44E1-8C98-1C840DB4D6B2}.Release|x86.Build.0 = Release|x86
		{8DB59240-57F3-44E1-8C98-1C840DB4D6B2}.Release|x86.Deploy.0 = Release|x86
		{8EFA71E0-AEA8-41B6-B923-18CDC970D425}.Ad-Hoc|Any CPU.ActiveCfg = Ad-Hoc|iPhoneSimulator
		{8EFA71E0-AEA8-41B6-B923-18CDC970D425}.Ad-Hoc|ARM.ActiveCfg = Ad-Hoc|iPhone
		{8EFA71E0-AEA8-41B6-B923-18CDC970D425}.Ad-Hoc|iPhone.ActiveCfg = Ad-Hoc|iPhone
		{8EFA71E0-AEA8-41B6-B923-18CDC970D425}.Ad-Hoc|iPhone.Build.0 = Ad-Hoc|iPhone
		{8EFA71E0-AEA8-41B6-B923-18CDC970D425}.Ad-Hoc|iPhoneSimulator.ActiveCfg = Ad-Hoc|iPhoneSimulator
		{8EFA71E0-AEA8-41B6-B923-18CDC970D425}.Ad-Hoc|iPhoneSimulator.Build.0 = Ad-Hoc|iPhoneSimulator
		{8EFA71E0-AEA8-41B6-B923-18CDC970D425}.Ad-Hoc|x64.ActiveCfg = Ad-Hoc|iPhone
		{8EFA71E0-AEA8-41B6-B923-18CDC970D425}.Ad-Hoc|x86.ActiveCfg = Ad-Hoc|iPhone
		{8EFA71E0-AEA8-41B6-B923-18CDC970D425}.AppStore|Any CPU.ActiveCfg = AppStore|iPhoneSimulator
		{8EFA71E0-AEA8-41B6-B923-18CDC970D425}.AppStore|ARM.ActiveCfg = AppStore|iPhone
		{8EFA71E0-AEA8-41B6-B923-18CDC970D425}.AppStore|iPhone.ActiveCfg = AppStore|iPhone
		{8EFA71E0-AEA8-41B6-B923-18CDC970D425}.AppStore|iPhone.Build.0 = AppStore|iPhone
		{8EFA71E0-AEA8-41B6-B923-18CDC970D425}.AppStore|iPhoneSimulator.ActiveCfg = AppStore|iPhoneSimulator
		{8EFA71E0-AEA8-41B6-B923-18CDC970D425}.AppStore|iPhoneSimulator.Build.0 = AppStore|iPhoneSimulator
		{8EFA71E0-AEA8-41B6-B923-18CDC970D425}.AppStore|x64.ActiveCfg = AppStore|iPhone
		{8EFA71E0-AEA8-41B6-B923-18CDC970D425}.AppStore|x86.ActiveCfg = AppStore|iPhone
		{8EFA71E0-AEA8-41B6-B923-18CDC970D425}.Debug|Any CPU.ActiveCfg = Debug|iPhoneSimulator
		{8EFA71E0-AEA8-41B6-B923-18CDC970D425}.Debug|ARM.ActiveCfg = Debug|iPhone
		{8EFA71E0-AEA8-41B6-B923-18CDC970D425}.Debug|iPhone.ActiveCfg = Debug|iPhone
		{8EFA71E0-AEA8-41B6-B923-18CDC970D425}.Debug|iPhone.Build.0 = Debug|iPhone
		{8EFA71E0-AEA8-41B6-B923-18CDC970D425}.Debug|iPhoneSimulator.ActiveCfg = Debug|iPhoneSimulator
		{8EFA71E0-AEA8-41B6-B923-18CDC970D425}.Debug|iPhoneSimulator.Build.0 = Debug|iPhoneSimulator
		{8EFA71E0-AEA8-41B6-B923-18CDC970D425}.Debug|x64.ActiveCfg = Debug|iPhone
		{8EFA71E0-AEA8-41B6-B923-18CDC970D425}.Debug|x86.ActiveCfg = Debug|iPhone
		{8EFA71E0-AEA8-41B6-B923-18CDC970D425}.Release|Any CPU.ActiveCfg = Release|iPhoneSimulator
		{8EFA71E0-AEA8-41B6-B923-18CDC970D425}.Release|ARM.ActiveCfg = Release|iPhone
		{8EFA71E0-AEA8-41B6-B923-18CDC970D425}.Release|iPhone.ActiveCfg = Release|iPhone
		{8EFA71E0-AEA8-41B6-B923-18CDC970D425}.Release|iPhone.Build.0 = Release|iPhone
		{8EFA71E0-AEA8-41B6-B923-18CDC970D425}.Release|iPhoneSimulator.ActiveCfg = Release|iPhoneSimulator
		{8EFA71E0-AEA8-41B6-B923-18CDC970D425}.Release|iPhoneSimulator.Build.0 = Release|iPhoneSimulator
		{8EFA71E0-AEA8-41B6-B923-18CDC970D425}.Release|x64.ActiveCfg = Release|iPhone
		{8EFA71E0-AEA8-41B6-B923-18CDC970D425}.Release|x86.ActiveCfg = Release|iPhone
	EndGlobalSection
	GlobalSection(SolutionProperties) = preSolution
		HideSolutionNode = FALSE
	EndGlobalSection
	GlobalSection(ExtensibilityGlobals) = postSolution
		SolutionGuid = {027A72E2-0FFA-47AC-8DD0-E9AB91751384}
	EndGlobalSection
EndGlobal
